
Microsoft Visual Studio Solution File, Format Version 11.00
# Visual Studio 2010
Project("{FAE04EC0-301F-11D3-BF4B-00C04F79EFBC}") = "small project", "small project\small project.csproj", "{17EB8C71-9C8F-4E77-8DBE-B2BFDB3B7160}"
EndProject
Global
	GlobalSection(SolutionConfigurationPlatforms) = preSolution
		Debug|x86 = Debug|x86
		Release|x86 = Release|x86
	EndGlobalSection
	GlobalSection(ProjectConfigurationPlatforms) = postSolution
		{17EB8C71-9C8F-4E77-8DBE-B2BFDB3B7160}.Debug|x86.ActiveCfg = Debug|x86
		{17EB8C71-9C8F-4E77-8DBE-B2BFDB3B7160}.Debug|x86.Build.0 = Debug|x86
		{17EB8C71-9C8F-4E77-8DBE-B2BFDB3B7160}.Release|x86.ActiveCfg = Release|x86
		{17EB8C71-9C8F-4E77-8DBE-B2BFDB3B7160}.Release|x86.Build.0 = Release|x86
	EndGlobalSection
	GlobalSection(SolutionProperties) = preSolution
		HideSolutionNode = FALSE
	EndGlobalSection
EndGlobal
